{
  "name": "landingnubs",
  "version": "1.0.0",
  "lockfileVersion": 1,
  "requires": true,
  "dependencies": {
    "sweetalert2": {
      "version": "8.15.3",
      "resolved": "https://registry.npmjs.org/sweetalert2/-/sweetalert2-8.15.3.tgz",
      "integrity": "sha512-SRmGNN/KxH2AIrL0jl/HJTUMnRktiMG5WCg5Qjjwmr9q0wL/Q027uUmXJGkcDhjp5N8Kh8nGOCxh/p9YqjYWJQ=="
    }
  }
}
